<?xml version="1.0" encoding="utf-8"?>
<Project ToolsVersion="4.0" xmlns="http://schemas.microsoft.com/developer/msbuild/2003">
  <ItemGroup>
    <Filter Include="ContentsObject">
      <UniqueIdentifier>{4fb96f82-1346-4acd-8359-0245244a3ba1}</UniqueIdentifier>
    </Filter>
    <Filter Include="PreCompile">
      <UniqueIdentifier>{2211ebb4-3787-4127-b056-85187912aae6}</UniqueIdentifier>
    </Filter>
    <Filter Include="Core">
      <UniqueIdentifier>{06e70656-5778-4b67-aaa3-5514cbf86f41}</UniqueIdentifier>
    </Filter>
    <Filter Include="ContentsObject\GameMode">
      <UniqueIdentifier>{08e3a2ef-5c07-482e-a0ec-b2371bd5a814}</UniqueIdentifier>
    </Filter>
    <Filter Include="ContentsObject\Global">
      <UniqueIdentifier>{c684c795-7c3c-4d79-9a03-29117b8a0051}</UniqueIdentifier>
    </Filter>
    <Filter Include="ContentsObject\Items">
      <UniqueIdentifier>{61ed1cc9-ef25-4e4e-8e62-7debca6f601f}</UniqueIdentifier>
    </Filter>
    <Filter Include="ContentsObject\Map">
      <UniqueIdentifier>{91466eed-6629-488b-9331-3ec8615cb354}</UniqueIdentifier>
    </Filter>
    <Filter Include="ContentsObject\Map\TileMap">
      <UniqueIdentifier>{dc7d6f07-3ac2-45f7-82c8-ff1fbec1562e}</UniqueIdentifier>
    </Filter>
    <Filter Include="ContentsObject\UI">
      <UniqueIdentifier>{e5a8f500-6f2a-4ec2-a840-d305ae62473c}</UniqueIdentifier>
    </Filter>
    <Filter Include="ContentsObject\UI\Inventory">
      <UniqueIdentifier>{1af7cbf5-7eed-41ca-80f6-77e9747832b4}</UniqueIdentifier>
    </Filter>
    <Filter Include="ContentsObject\UI\Title">
      <UniqueIdentifier>{cce7b728-1c3a-4db1-a2b4-e8e3d21eb907}</UniqueIdentifier>
    </Filter>
  </ItemGroup>
  <ItemGroup>
    <ClCompile Include="PreCompile.cpp">
      <Filter>PreCompile</Filter>
    </ClCompile>
    <ClCompile Include="ContentsCore.cpp">
      <Filter>Core</Filter>
    </ClCompile>
    <ClCompile Include="FarmGameMode.cpp">
      <Filter>ContentsObject\GameMode</Filter>
    </ClCompile>
    <ClCompile Include="Player.cpp">
      <Filter>ContentsObject\Global</Filter>
    </ClCompile>
    <ClCompile Include="FarmMap.cpp">
      <Filter>ContentsObject\Map</Filter>
    </ClCompile>
    <ClCompile Include="ContentsEnum.cpp">
      <Filter>ContentsObject\Global</Filter>
    </ClCompile>
    <ClCompile Include="TitleGameMode.cpp">
      <Filter>ContentsObject\GameMode</Filter>
    </ClCompile>
    <ClCompile Include="TitleLogo.cpp">
      <Filter>ContentsObject\UI\Title</Filter>
    </ClCompile>
    <ClCompile Include="TownGameMode.cpp">
      <Filter>ContentsObject\GameMode</Filter>
    </ClCompile>
    <ClCompile Include="TownMap.cpp">
      <Filter>ContentsObject\Map</Filter>
    </ClCompile>
    <ClCompile Include="TileMap.cpp">
      <Filter>ContentsObject\Map\TileMap</Filter>
    </ClCompile>
    <ClCompile Include="Clock.cpp">
      <Filter>ContentsObject\UI</Filter>
    </ClCompile>
    <ClCompile Include="Gold.cpp">
      <Filter>ContentsObject\UI</Filter>
    </ClCompile>
    <ClCompile Include="Cursor.cpp">
      <Filter>ContentsObject\UI</Filter>
    </ClCompile>
    <ClCompile Include="Time.cpp">
      <Filter>ContentsObject\UI</Filter>
    </ClCompile>
    <ClCompile Include="Text.cpp">
      <Filter>ContentsObject\UI</Filter>
    </ClCompile>
    <ClCompile Include="InventoryBar.cpp">
      <Filter>ContentsObject\UI\Inventory</Filter>
    </ClCompile>
    <ClCompile Include="Inventory.cpp">
      <Filter>ContentsObject\UI\Inventory</Filter>
    </ClCompile>
    <ClCompile Include="Slot.cpp">
      <Filter>ContentsObject\UI\Inventory</Filter>
    </ClCompile>
    <ClCompile Include="Item.cpp">
      <Filter>ContentsObject\Items</Filter>
    </ClCompile>
    <ClCompile Include="PlayerUI.cpp">
      <Filter>ContentsObject\Global</Filter>
    </ClCompile>
    <ClCompile Include="CurItem.cpp">
      <Filter>ContentsObject\Items</Filter>
    </ClCompile>
    <ClCompile Include="SelectedItem.cpp">
      <Filter>ContentsObject\Items</Filter>
    </ClCompile>
    <ClCompile Include="UI.cpp">
      <Filter>ContentsObject\UI</Filter>
    </ClCompile>
    <ClCompile Include="PlayerToolsAnimation.cpp">
      <Filter>ContentsObject\Global</Filter>
    </ClCompile>
    <ClCompile Include="TitleButton.cpp">
      <Filter>ContentsObject\UI\Title</Filter>
    </ClCompile>
    <ClCompile Include="StoreGameMode.cpp">
      <Filter>ContentsObject\GameMode</Filter>
    </ClCompile>
    <ClCompile Include="StoreMap.cpp">
      <Filter>ContentsObject\Map</Filter>
    </ClCompile>
    <ClCompile Include="Fade.cpp">
      <Filter>ContentsObject\UI</Filter>
    </ClCompile>
    <ClCompile Include="PlayerManager.cpp">
      <Filter>ContentsObject\Global</Filter>
    </ClCompile>
  </ItemGroup>
  <ItemGroup>
    <ClInclude Include="PreCompile.h">
      <Filter>PreCompile</Filter>
    </ClInclude>
    <ClInclude Include="ContentsCore.h">
      <Filter>Core</Filter>
    </ClInclude>
    <ClInclude Include="FarmGameMode.h">
      <Filter>ContentsObject\GameMode</Filter>
    </ClInclude>
    <ClInclude Include="Player.h">
      <Filter>ContentsObject\Global</Filter>
    </ClInclude>
    <ClInclude Include="FarmMap.h">
      <Filter>ContentsObject\Map</Filter>
    </ClInclude>
    <ClInclude Include="ContentsEnum.h">
      <Filter>ContentsObject\Global</Filter>
    </ClInclude>
    <ClInclude Include="TitleGameMode.h">
      <Filter>ContentsObject\GameMode</Filter>
    </ClInclude>
    <ClInclude Include="TitleLogo.h">
      <Filter>ContentsObject\UI\Title</Filter>
    </ClInclude>
    <ClInclude Include="TownGameMode.h">
      <Filter>ContentsObject\GameMode</Filter>
    </ClInclude>
    <ClInclude Include="TownMap.h">
      <Filter>ContentsObject\Map</Filter>
    </ClInclude>
    <ClInclude Include="TileMap.h">
      <Filter>ContentsObject\Map\TileMap</Filter>
    </ClInclude>
    <ClInclude Include="Clock.h">
      <Filter>ContentsObject\UI</Filter>
    </ClInclude>
    <ClInclude Include="Gold.h">
      <Filter>ContentsObject\UI</Filter>
    </ClInclude>
    <ClInclude Include="Cursor.h">
      <Filter>ContentsObject\UI</Filter>
    </ClInclude>
    <ClInclude Include="Time.h">
      <Filter>ContentsObject\UI</Filter>
    </ClInclude>
    <ClInclude Include="Text.h">
      <Filter>ContentsObject\UI</Filter>
    </ClInclude>
    <ClInclude Include="InventoryBar.h">
      <Filter>ContentsObject\UI\Inventory</Filter>
    </ClInclude>
    <ClInclude Include="Inventory.h">
      <Filter>ContentsObject\UI\Inventory</Filter>
    </ClInclude>
    <ClInclude Include="Slot.h">
      <Filter>ContentsObject\UI\Inventory</Filter>
    </ClInclude>
    <ClInclude Include="Item.h">
      <Filter>ContentsObject\Items</Filter>
    </ClInclude>
    <ClInclude Include="PlayerUI.h">
      <Filter>ContentsObject\Global</Filter>
    </ClInclude>
    <ClInclude Include="CurItem.h">
      <Filter>ContentsObject\Items</Filter>
    </ClInclude>
    <ClInclude Include="SelectedItem.h">
      <Filter>ContentsObject\Items</Filter>
    </ClInclude>
    <ClInclude Include="UI.h">
      <Filter>ContentsObject\UI</Filter>
    </ClInclude>
    <ClInclude Include="PlayerToolsAnimation.h">
      <Filter>ContentsObject\Global</Filter>
    </ClInclude>
    <ClInclude Include="TitleButton.h">
      <Filter>ContentsObject\UI\Title</Filter>
    </ClInclude>
    <ClInclude Include="StoreGameMode.h">
      <Filter>ContentsObject\GameMode</Filter>
    </ClInclude>
    <ClInclude Include="StoreMap.h">
      <Filter>ContentsObject\Map</Filter>
    </ClInclude>
    <ClInclude Include="Fade.h">
      <Filter>ContentsObject\UI</Filter>
    </ClInclude>
    <ClInclude Include="PlayerManager.h">
      <Filter>ContentsObject\Global</Filter>
    </ClInclude>
  </ItemGroup>
</Project>