<?xml version="1.0" encoding="utf-8"?>
<Project ToolsVersion="4.0" xmlns="http://schemas.microsoft.com/developer/msbuild/2003">
  <ItemGroup>
    <Filter Include="Window">
      <UniqueIdentifier>{02075327-b8c0-4c2c-a981-e192fd9602a8}</UniqueIdentifier>
    </Filter>
    <Filter Include="Input">
      <UniqueIdentifier>{2df9e895-4283-44d8-b965-63e287d6f4e4}</UniqueIdentifier>
    </Filter>
    <Filter Include="PreCompile">
      <UniqueIdentifier>{5a6094aa-9a4b-48c4-adbb-fc56ae810e0c}</UniqueIdentifier>
    </Filter>
    <Filter Include="Debug">
      <UniqueIdentifier>{9a55f8a2-ecee-4efb-aecf-bceed329a963}</UniqueIdentifier>
    </Filter>
    <Filter Include="Resource">
      <UniqueIdentifier>{7dca176f-0344-43b4-9041-dc60ddbbf72d}</UniqueIdentifier>
    </Filter>
    <Filter Include="ThirdParty">
      <UniqueIdentifier>{993f3b7a-869f-4c88-ab8d-f2e6f232b765}</UniqueIdentifier>
    </Filter>
    <Filter Include="ThirdParty\FMOD">
      <UniqueIdentifier>{c40c1e95-2bdd-41f9-9ee3-b0270a125d03}</UniqueIdentifier>
    </Filter>
    <Filter Include="ThirdParty\FMOD\Bin">
      <UniqueIdentifier>{946b782b-203a-484a-99dc-e83b4fcf7b90}</UniqueIdentifier>
    </Filter>
    <Filter Include="ThirdParty\FMOD\Inc">
      <UniqueIdentifier>{d76d07f6-4f71-4e16-a68f-0f69141f617b}</UniqueIdentifier>
    </Filter>
    <Filter Include="ThirdParty\FMOD\Bin\Debug">
      <UniqueIdentifier>{4d536aa5-65eb-437d-a73c-4de1daa09f4e}</UniqueIdentifier>
    </Filter>
    <Filter Include="ThirdParty\FMOD\Bin\Release">
      <UniqueIdentifier>{6227b479-2302-466e-ae6d-a5e4e9df8a63}</UniqueIdentifier>
    </Filter>
  </ItemGroup>
  <ItemGroup>
    <ClInclude Include="EngineWindow.h">
      <Filter>Window</Filter>
    </ClInclude>
    <ClInclude Include="PreCompile.h">
      <Filter>PreCompile</Filter>
    </ClInclude>
    <ClInclude Include="EngineInput.h">
      <Filter>Input</Filter>
    </ClInclude>
    <ClInclude Include="EngineWinDebug.h">
      <Filter>Debug</Filter>
    </ClInclude>
    <ClInclude Include="EngineWinImage.h">
      <Filter>Resource</Filter>
    </ClInclude>
    <ClInclude Include="ThirdParty\FMOD\inc\fmod.hpp">
      <Filter>ThirdParty\FMOD\Inc</Filter>
    </ClInclude>
    <ClInclude Include="ThirdParty\FMOD\inc\fmod_codec.h">
      <Filter>ThirdParty\FMOD\Inc</Filter>
    </ClInclude>
    <ClInclude Include="ThirdParty\FMOD\inc\fmod_common.h">
      <Filter>ThirdParty\FMOD\Inc</Filter>
    </ClInclude>
    <ClInclude Include="ThirdParty\FMOD\inc\fmod_dsp.h">
      <Filter>ThirdParty\FMOD\Inc</Filter>
    </ClInclude>
    <ClInclude Include="ThirdParty\FMOD\inc\fmod_dsp_effects.h">
      <Filter>ThirdParty\FMOD\Inc</Filter>
    </ClInclude>
    <ClInclude Include="ThirdParty\FMOD\inc\fmod_errors.h">
      <Filter>ThirdParty\FMOD\Inc</Filter>
    </ClInclude>
    <ClInclude Include="ThirdParty\FMOD\inc\fmod_output.h">
      <Filter>ThirdParty\FMOD\Inc</Filter>
    </ClInclude>
    <ClInclude Include="ThirdParty\FMOD\inc\fmod.h">
      <Filter>ThirdParty\FMOD\Inc</Filter>
    </ClInclude>
    <ClInclude Include="EngineSound.h">
      <Filter>Resource</Filter>
    </ClInclude>
  </ItemGroup>
  <ItemGroup>
    <ClCompile Include="EngineWindow.cpp">
      <Filter>Window</Filter>
    </ClCompile>
    <ClCompile Include="PreCompile.cpp">
      <Filter>PreCompile</Filter>
    </ClCompile>
    <ClCompile Include="EngineInput.cpp">
      <Filter>Input</Filter>
    </ClCompile>
    <ClCompile Include="EngineWinDebug.cpp">
      <Filter>Debug</Filter>
    </ClCompile>
    <ClCompile Include="EngineWinImage.cpp">
      <Filter>Resource</Filter>
    </ClCompile>
    <ClCompile Include="EngineSound.cpp">
      <Filter>Resource</Filter>
    </ClCompile>
  </ItemGroup>
  <ItemGroup>
    <CopyFileToFolders Include="ThirdParty\FMOD\bin\Debug\fmodL.dll">
      <Filter>ThirdParty\FMOD\Bin\Debug</Filter>
    </CopyFileToFolders>
    <CopyFileToFolders Include="ThirdParty\FMOD\bin\Debug\fmodL_vc.lib">
      <Filter>ThirdParty\FMOD\Bin\Debug</Filter>
    </CopyFileToFolders>
    <CopyFileToFolders Include="ThirdParty\FMOD\bin\Release\fmod.dll">
      <Filter>ThirdParty\FMOD\Bin\Release</Filter>
    </CopyFileToFolders>
    <CopyFileToFolders Include="ThirdParty\FMOD\bin\Release\fmod_vc.lib">
      <Filter>ThirdParty\FMOD\Bin\Release</Filter>
    </CopyFileToFolders>
  </ItemGroup>
</Project>